
Microsoft Visual Studio Solution File, Format Version 12.00
# Visual Studio Version 16
VisualStudioVersion = 16.0.30204.135
MinimumVisualStudioVersion = 10.0.40219.1
Project("{9A19103F-16F7-4668-BE54-9A1E7A4F7556}") = "PrimeNumber.Api", "src\PrimeNumber.Api\PrimeNumber.Api.csproj", "{CF26CF34-C29C-43CD-8611-C5E626C5BB80}"
EndProject
Project("{9A19103F-16F7-4668-BE54-9A1E7A4F7556}") = "PrimeNumber.Tests", "tests\PrimeNumber.Tests\PrimeNumber.Tests.csproj", "{C0246BB8-34F3-4C08-B906-F3EB267A5ACD}"
EndProject
Project("{9A19103F-16F7-4668-BE54-9A1E7A4F7556}") = "PrimeNumber.Data", "src\PrimeNumber.Data\PrimeNumber.Data.csproj", "{98E7C8BC-2FBA-436F-B069-701C64EA3C8A}"
EndProject
Project("{9A19103F-16F7-4668-BE54-9A1E7A4F7556}") = "PrimeNumber.Business", "src\PrimeNumber.Business\PrimeNumber.Business.csproj", "{BA8A95C4-48AC-44F7-9354-FE471FA1C752}"
EndProject
Project("{FAE04EC0-301F-11D3-BF4B-00C04F79EFBC}") = "PrimeNumber.WebApp", "src\PrimeNumber.WebApp\PrimeNumber.WebApp.csproj", "{080ACAF0-ADAB-4AA7-A5A9-A44A4F2F3F64}"
EndProject
Global
	GlobalSection(SolutionConfigurationPlatforms) = preSolution
		Debug|Any CPU = Debug|Any CPU
		Release|Any CPU = Release|Any CPU
	EndGlobalSection
	GlobalSection(ProjectConfigurationPlatforms) = postSolution
		{CF26CF34-C29C-43CD-8611-C5E626C5BB80}.Debug|Any CPU.ActiveCfg = Debug|Any CPU
		{CF26CF34-C29C-43CD-8611-C5E626C5BB80}.Debug|Any CPU.Build.0 = Debug|Any CPU
		{CF26CF34-C29C-43CD-8611-C5E626C5BB80}.Release|Any CPU.ActiveCfg = Release|Any CPU
		{CF26CF34-C29C-43CD-8611-C5E626C5BB80}.Release|Any CPU.Build.0 = Release|Any CPU
		{C0246BB8-34F3-4C08-B906-F3EB267A5ACD}.Debug|Any CPU.ActiveCfg = Debug|Any CPU
		{C0246BB8-34F3-4C08-B906-F3EB267A5ACD}.Debug|Any CPU.Build.0 = Debug|Any CPU
		{C0246BB8-34F3-4C08-B906-F3EB267A5ACD}.Release|Any CPU.ActiveCfg = Release|Any CPU
		{C0246BB8-34F3-4C08-B906-F3EB267A5ACD}.Release|Any CPU.Build.0 = Release|Any CPU
		{98E7C8BC-2FBA-436F-B069-701C64EA3C8A}.Debug|Any CPU.ActiveCfg = Debug|Any CPU
		{98E7C8BC-2FBA-436F-B069-701C64EA3C8A}.Debug|Any CPU.Build.0 = Debug|Any CPU
		{98E7C8BC-2FBA-436F-B069-701C64EA3C8A}.Release|Any CPU.ActiveCfg = Release|Any CPU
		{98E7C8BC-2FBA-436F-B069-701C64EA3C8A}.Release|Any CPU.Build.0 = Release|Any CPU
		{BA8A95C4-48AC-44F7-9354-FE471FA1C752}.Debug|Any CPU.ActiveCfg = Debug|Any CPU
		{BA8A95C4-48AC-44F7-9354-FE471FA1C752}.Debug|Any CPU.Build.0 = Debug|Any CPU
		{BA8A95C4-48AC-44F7-9354-FE471FA1C752}.Release|Any CPU.ActiveCfg = Release|Any CPU
		{BA8A95C4-48AC-44F7-9354-FE471FA1C752}.Release|Any CPU.Build.0 = Release|Any CPU
		{080ACAF0-ADAB-4AA7-A5A9-A44A4F2F3F64}.Debug|Any CPU.ActiveCfg = Debug|Any CPU
		{080ACAF0-ADAB-4AA7-A5A9-A44A4F2F3F64}.Debug|Any CPU.Build.0 = Debug|Any CPU
		{080ACAF0-ADAB-4AA7-A5A9-A44A4F2F3F64}.Release|Any CPU.ActiveCfg = Release|Any CPU
		{080ACAF0-ADAB-4AA7-A5A9-A44A4F2F3F64}.Release|Any CPU.Build.0 = Release|Any CPU
	EndGlobalSection
	GlobalSection(SolutionProperties) = preSolution
		HideSolutionNode = FALSE
	EndGlobalSection
	GlobalSection(ExtensibilityGlobals) = postSolution
		SolutionGuid = {A33F7E8A-38B7-4E93-B47A-FEA280DC6B97}
	EndGlobalSection
EndGlobal
